
Microsoft Visual Studio Solution File, Format Version 12.00
# Visual Studio Version 17
VisualStudioVersion = 17.10.35013.160
MinimumVisualStudioVersion = 10.0.40219.1
Project("{FAE04EC0-301F-11D3-BF4B-00C04F79EFBC}") = "EmployeeRegistration", "EmployeeRegistration.csproj", "{B2E9EE6A-9FA4-414D-90FD-218F3D246B20}"
EndProject
Global
	GlobalSection(SolutionConfigurationPlatforms) = preSolution
		Debug|Any CPU = Debug|Any CPU
		Release|Any CPU = Release|Any CPU
	EndGlobalSection
	GlobalSection(ProjectConfigurationPlatforms) = postSolution
		{B2E9EE6A-9FA4-414D-90FD-218F3D246B20}.Debug|Any CPU.ActiveCfg = Debug|Any CPU
		{B2E9EE6A-9FA4-414D-90FD-218F3D246B20}.Debug|Any CPU.Build.0 = Debug|Any CPU
		{B2E9EE6A-9FA4-414D-90FD-218F3D246B20}.Release|Any CPU.ActiveCfg = Release|Any CPU
		{B2E9EE6A-9FA4-414D-90FD-218F3D246B20}.Release|Any CPU.Build.0 = Release|Any CPU
	EndGlobalSection
	GlobalSection(SolutionProperties) = preSolution
		HideSolutionNode = FALSE
	EndGlobalSection
	GlobalSection(ExtensibilityGlobals) = postSolution
		SolutionGuid = {766CF451-5DD1-4805-B1CC-2C0FFD30A54F}
	EndGlobalSection
EndGlobal
